
Microsoft Visual Studio Solution File, Format Version 12.00
# Visual Studio Version 16
VisualStudioVersion = 16.0.28606.126
MinimumVisualStudioVersion = 10.0.40219.1
Project("{FAE04EC0-301F-11D3-BF4B-00C04F79EFBC}") = "Artco", "Artco.csproj", "{9B0E8F8E-863C-4665-80E3-E002701BFF59}"
EndProject
Project("{2150E333-8FDC-42A3-9474-1A3956D46DE8}") = "Solution Items", "Solution Items", "{60756E14-AD85-443F-AA0C-E5B338EB5C48}"
	ProjectSection(SolutionItems) = preProject
		.editorconfig = .editorconfig
	EndProjectSection
EndProject
Global
	GlobalSection(SolutionConfigurationPlatforms) = preSolution
		Debug|Any CPU = Debug|Any CPU
		Release|Any CPU = Release|Any CPU
	EndGlobalSection
	GlobalSection(ProjectConfigurationPlatforms) = postSolution
		{9B0E8F8E-863C-4665-80E3-E002701BFF59}.Debug|Any CPU.ActiveCfg = Debug|Any CPU
		{9B0E8F8E-863C-4665-80E3-E002701BFF59}.Debug|Any CPU.Build.0 = Debug|Any CPU
		{9B0E8F8E-863C-4665-80E3-E002701BFF59}.Release|Any CPU.ActiveCfg = Release|Any CPU
		{9B0E8F8E-863C-4665-80E3-E002701BFF59}.Release|Any CPU.Build.0 = Release|Any CPU
	EndGlobalSection
	GlobalSection(SolutionProperties) = preSolution
		HideSolutionNode = FALSE
	EndGlobalSection
	GlobalSection(ExtensibilityGlobals) = postSolution
		SolutionGuid = {B766A3DD-E7ED-4317-A930-64FEC579A358}
	EndGlobalSection
EndGlobal
